{
  "pins" : [
    {
      "identity" : "alerttoast",
      "kind" : "remoteSourceControl",
      "location" : "https://github.com/elai950/AlertToast.git",
      "state" : {
        "revision" : "b39252eacd159904afd7d718bba0afabb87f2f2f",
        "version" : "1.3.9"
      }
    },
    {
      "identity" : "codablegeojson",
      "kind" : "remoteSourceControl",
      "location" : "https://github.com/guykogus/CodableGeoJSON.git",
      "state" : {
        "revision" : "8d7dcaab6dd81f5ed87c34517dd9f6afab5cb3d4",
        "version" : "3.0.0"
      }
    },
    {
      "identity" : "codablejson",
      "kind" : "remoteSourceControl",
      "location" : "https://github.com/guykogus/CodableJSON.git",
      "state" : {
        "revision" : "38e20396043c711b060c1542ea6d1b357c58f849",
        "version" : "3.0.1"
      }
    }
  ],
  "version" : 2
}
